
Microsoft Visual Studio Solution File, Format Version 12.00
# Visual Studio 14
VisualStudioVersion = 14.0.23107.0
MinimumVisualStudioVersion = 10.0.40219.1
Project("{FAE04EC0-301F-11D3-BF4B-00C04F79EFBC}") = "BackgammonConsoleApp", "BackgammonConsoleApp\BackgammonConsoleApp.csproj", "{074FEE3C-E39D-43D2-BA5A-59A7DAA81BB3}"
EndProject
Project("{FAE04EC0-301F-11D3-BF4B-00C04F79EFBC}") = "Backgammon", "..\Backgammon\Backgammon\Backgammon.csproj", "{346290C4-10ED-4240-9E42-704290A47950}"
EndProject
Project("{FAE04EC0-301F-11D3-BF4B-00C04F79EFBC}") = "BackgammonTests", "BackgammonTests\BackgammonTests.csproj", "{50C77BDB-BB9B-4D19-8908-69A56EFC161A}"
EndProject
Global
	GlobalSection(SolutionConfigurationPlatforms) = preSolution
		Debug|Any CPU = Debug|Any CPU
		Release|Any CPU = Release|Any CPU
	EndGlobalSection
	GlobalSection(ProjectConfigurationPlatforms) = postSolution
		{074FEE3C-E39D-43D2-BA5A-59A7DAA81BB3}.Debug|Any CPU.ActiveCfg = Debug|Any CPU
		{074FEE3C-E39D-43D2-BA5A-59A7DAA81BB3}.Debug|Any CPU.Build.0 = Debug|Any CPU
		{074FEE3C-E39D-43D2-BA5A-59A7DAA81BB3}.Release|Any CPU.ActiveCfg = Release|Any CPU
		{074FEE3C-E39D-43D2-BA5A-59A7DAA81BB3}.Release|Any CPU.Build.0 = Release|Any CPU
		{346290C4-10ED-4240-9E42-704290A47950}.Debug|Any CPU.ActiveCfg = Debug|Any CPU
		{346290C4-10ED-4240-9E42-704290A47950}.Debug|Any CPU.Build.0 = Debug|Any CPU
		{346290C4-10ED-4240-9E42-704290A47950}.Release|Any CPU.ActiveCfg = Release|Any CPU
		{346290C4-10ED-4240-9E42-704290A47950}.Release|Any CPU.Build.0 = Release|Any CPU
		{50C77BDB-BB9B-4D19-8908-69A56EFC161A}.Debug|Any CPU.ActiveCfg = Debug|Any CPU
		{50C77BDB-BB9B-4D19-8908-69A56EFC161A}.Debug|Any CPU.Build.0 = Debug|Any CPU
		{50C77BDB-BB9B-4D19-8908-69A56EFC161A}.Release|Any CPU.ActiveCfg = Release|Any CPU
		{50C77BDB-BB9B-4D19-8908-69A56EFC161A}.Release|Any CPU.Build.0 = Release|Any CPU
	EndGlobalSection
	GlobalSection(SolutionProperties) = preSolution
		HideSolutionNode = FALSE
	EndGlobalSection
EndGlobal
